
Microsoft Visual Studio Solution File, Format Version 12.00
# Visual Studio Version 16
VisualStudioVersion = 16.0.30225.117
MinimumVisualStudioVersion = 10.0.40219.1
Project("{FAE04EC0-301F-11D3-BF4B-00C04F79EFBC}") = "ConversionEscalasTemperatura", "ConversionEscalasTemperatura\ConversionEscalasTemperatura.csproj", "{0EE12492-6CE1-4B0A-965F-C1043D6E12EB}"
EndProject
Global
	GlobalSection(SolutionConfigurationPlatforms) = preSolution
		Debug|Any CPU = Debug|Any CPU
		Release|Any CPU = Release|Any CPU
	EndGlobalSection
	GlobalSection(ProjectConfigurationPlatforms) = postSolution
		{0EE12492-6CE1-4B0A-965F-C1043D6E12EB}.Debug|Any CPU.ActiveCfg = Debug|Any CPU
		{0EE12492-6CE1-4B0A-965F-C1043D6E12EB}.Debug|Any CPU.Build.0 = Debug|Any CPU
		{0EE12492-6CE1-4B0A-965F-C1043D6E12EB}.Release|Any CPU.ActiveCfg = Release|Any CPU
		{0EE12492-6CE1-4B0A-965F-C1043D6E12EB}.Release|Any CPU.Build.0 = Release|Any CPU
	EndGlobalSection
	GlobalSection(SolutionProperties) = preSolution
		HideSolutionNode = FALSE
	EndGlobalSection
	GlobalSection(ExtensibilityGlobals) = postSolution
		SolutionGuid = {CB36846F-1405-42C5-8B0A-F098534B9B80}
	EndGlobalSection
EndGlobal
